
Microsoft Visual Studio Solution File, Format Version 12.00
# Visual Studio Version 17
VisualStudioVersion = 17.0.31903.59
MinimumVisualStudioVersion = 10.0.40219.1
Project("{2150E333-8FDC-42A3-9474-1A3956D46DE8}") = "src", "src", "{827E0CD3-B72D-47B6-A68D-7590B98EB39B}"
EndProject
Project("{FAE04EC0-301F-11D3-BF4B-00C04F79EFBC}") = "DeskPilot.Application", "src\DeskPilot.Application\DeskPilot.Application.csproj", "{D717163F-3C99-4669-9E80-99B9274AF221}"
EndProject
Project("{FAE04EC0-301F-11D3-BF4B-00C04F79EFBC}") = "DeskPilot.Core", "src\DeskPilot.Core\DeskPilot.Core.csproj", "{93F65179-74DB-4AC5-A8D0-51C929D81942}"
EndProject
Project("{FAE04EC0-301F-11D3-BF4B-00C04F79EFBC}") = "DeskPilot.Modules.Abstractions", "src\DeskPilot.Modules.Abstractions\DeskPilot.Modules.Abstractions.csproj", "{098079ED-88CD-4D67-9F8F-A9CA43B8DDF6}"
EndProject
Project("{FAE04EC0-301F-11D3-BF4B-00C04F79EFBC}") = "DeskPilot.Voice.Abstractions", "src\DeskPilot.Voice.Abstractions\DeskPilot.Voice.Abstractions.csproj", "{29E3D7FB-C36C-4173-A83F-F5DF191C4313}"
EndProject
Project("{FAE04EC0-301F-11D3-BF4B-00C04F79EFBC}") = "DeskPilot.Desktop", "src\DeskPilot.Desktop\DeskPilot.Desktop.csproj", "{2C7D4391-B0F5-4BF0-93BB-2EA78C99F8B5}"
EndProject
Project("{FAE04EC0-301F-11D3-BF4B-00C04F79EFBC}") = "DeskPilot.Infrastructure", "src\DeskPilot.Infrastructure\DeskPilot.Infrastructure.csproj", "{484F2474-E97B-43DC-B84A-B990AC8DE2AE}"
EndProject
Project("{FAE04EC0-301F-11D3-BF4B-00C04F79EFBC}") = "DeskPilot.Modules.AudioControl", "src\DeskPilot.Modules.AudioControl\DeskPilot.Modules.AudioControl.csproj", "{0C800796-0F6C-442C-BC22-7D3E3F33602B}"
EndProject
Project("{FAE04EC0-301F-11D3-BF4B-00C04F79EFBC}") = "DeskPilot.Modules.ApplicationLauncher", "src\DeskPilot.Modules.ApplicationLauncher\DeskPilot.Modules.ApplicationLauncher.csproj", "{85D417B0-1B70-4F5A-83C9-0AD6FAD7C236}"
EndProject
Project("{FAE04EC0-301F-11D3-BF4B-00C04F79EFBC}") = "DeskPilot.Modules.CommandGroups", "src\DeskPilot.Modules.CommandGroups\DeskPilot.Modules.CommandGroups.csproj", "{CE398B43-0AE7-45D9-BDA9-925B7E73D68D}"
EndProject
Project("{FAE04EC0-301F-11D3-BF4B-00C04F79EFBC}") = "DeskPilot.Modules.SystemPower", "src\DeskPilot.Modules.SystemPower\DeskPilot.Modules.SystemPower.csproj", "{CA0BC597-17FD-43FE-8236-9451D20A0A25}"
EndProject
Project("{FAE04EC0-301F-11D3-BF4B-00C04F79EFBC}") = "DeskPilot.Voice.AudioCapture", "src\DeskPilot.Voice.AudioCapture\DeskPilot.Voice.AudioCapture.csproj", "{95B6B8D2-6195-45E9-96D0-A6FD943FE142}"
EndProject
Project("{FAE04EC0-301F-11D3-BF4B-00C04F79EFBC}") = "DeskPilot.Voice.Vosk", "src\DeskPilot.Voice.Vosk\DeskPilot.Voice.Vosk.csproj", "{CE5C23AD-811D-4DDD-A207-2BB54A32C3FC}"
EndProject
Project("{FAE04EC0-301F-11D3-BF4B-00C04F79EFBC}") = "DeskPilot.Voice.WhisperCpp", "src\DeskPilot.Voice.WhisperCpp\DeskPilot.Voice.WhisperCpp.csproj", "{051D4E2A-B920-4292-B914-5B15D8D93DC1}"
EndProject
Project("{2150E333-8FDC-42A3-9474-1A3956D46DE8}") = "tests", "tests", "{0AB3BF05-4346-4AA6-1389-037BE0695223}"
EndProject
Project("{FAE04EC0-301F-11D3-BF4B-00C04F79EFBC}") = "DeskPilot.Application.Tests", "tests\DeskPilot.Application.Tests\DeskPilot.Application.Tests.csproj", "{C02D2D98-3936-43EC-8C3C-96F2EA5C2A2F}"
EndProject
Project("{FAE04EC0-301F-11D3-BF4B-00C04F79EFBC}") = "DeskPilot.Core.Tests", "tests\DeskPilot.Core.Tests\DeskPilot.Core.Tests.csproj", "{7B130DB0-6F77-40F4-8A22-FC12E9ADFF38}"
EndProject
Project("{FAE04EC0-301F-11D3-BF4B-00C04F79EFBC}") = "DeskPilot.Infrastructure.Tests", "tests\DeskPilot.Infrastructure.Tests\DeskPilot.Infrastructure.Tests.csproj", "{52A7A4C8-9426-4D25-9AE3-AAA94A030D00}"
EndProject
Project("{FAE04EC0-301F-11D3-BF4B-00C04F79EFBC}") = "DeskPilot.Modules.Tests", "tests\DeskPilot.Modules.Tests\DeskPilot.Modules.Tests.csproj", "{758DF8DB-1944-4EF3-A080-180D23905DCE}"
EndProject
Project("{FAE04EC0-301F-11D3-BF4B-00C04F79EFBC}") = "DeskPilot.Voice.Tests", "tests\DeskPilot.Voice.Tests\DeskPilot.Voice.Tests.csproj", "{BE916AE2-B09A-4B94-937A-F7981377F13D}"
EndProject
Global
	GlobalSection(SolutionConfigurationPlatforms) = preSolution
		Debug|Any CPU = Debug|Any CPU
		Debug|x64 = Debug|x64
		Debug|x86 = Debug|x86
		Release|Any CPU = Release|Any CPU
		Release|x64 = Release|x64
		Release|x86 = Release|x86
	EndGlobalSection
	GlobalSection(ProjectConfigurationPlatforms) = postSolution
		{D717163F-3C99-4669-9E80-99B9274AF221}.Debug|Any CPU.ActiveCfg = Debug|Any CPU
		{D717163F-3C99-4669-9E80-99B9274AF221}.Debug|Any CPU.Build.0 = Debug|Any CPU
		{D717163F-3C99-4669-9E80-99B9274AF221}.Debug|x64.ActiveCfg = Debug|Any CPU
		{D717163F-3C99-4669-9E80-99B9274AF221}.Debug|x64.Build.0 = Debug|Any CPU
		{D717163F-3C99-4669-9E80-99B9274AF221}.Debug|x86.ActiveCfg = Debug|Any CPU
		{D717163F-3C99-4669-9E80-99B9274AF221}.Debug|x86.Build.0 = Debug|Any CPU
		{D717163F-3C99-4669-9E80-99B9274AF221}.Release|Any CPU.ActiveCfg = Release|Any CPU
		{D717163F-3C99-4669-9E80-99B9274AF221}.Release|Any CPU.Build.0 = Release|Any CPU
		{D717163F-3C99-4669-9E80-99B9274AF221}.Release|x64.ActiveCfg = Release|Any CPU
		{D717163F-3C99-4669-9E80-99B9274AF221}.Release|x64.Build.0 = Release|Any CPU
		{D717163F-3C99-4669-9E80-99B9274AF221}.Release|x86.ActiveCfg = Release|Any CPU
		{D717163F-3C99-4669-9E80-99B9274AF221}.Release|x86.Build.0 = Release|Any CPU
		{93F65179-74DB-4AC5-A8D0-51C929D81942}.Debug|Any CPU.ActiveCfg = Debug|Any CPU
		{93F65179-74DB-4AC5-A8D0-51C929D81942}.Debug|Any CPU.Build.0 = Debug|Any CPU
		{93F65179-74DB-4AC5-A8D0-51C929D81942}.Debug|x64.ActiveCfg = Debug|Any CPU
		{93F65179-74DB-4AC5-A8D0-51C929D81942}.Debug|x64.Build.0 = Debug|Any CPU
		{93F65179-74DB-4AC5-A8D0-51C929D81942}.Debug|x86.ActiveCfg = Debug|Any CPU
		{93F65179-74DB-4AC5-A8D0-51C929D81942}.Debug|x86.Build.0 = Debug|Any CPU
		{93F65179-74DB-4AC5-A8D0-51C929D81942}.Release|Any CPU.ActiveCfg = Release|Any CPU
		{93F65179-74DB-4AC5-A8D0-51C929D81942}.Release|Any CPU.Build.0 = Release|Any CPU
		{93F65179-74DB-4AC5-A8D0-51C929D81942}.Release|x64.ActiveCfg = Release|Any CPU
		{93F65179-74DB-4AC5-A8D0-51C929D81942}.Release|x64.Build.0 = Release|Any CPU
		{93F65179-74DB-4AC5-A8D0-51C929D81942}.Release|x86.ActiveCfg = Release|Any CPU
		{93F65179-74DB-4AC5-A8D0-51C929D81942}.Release|x86.Build.0 = Release|Any CPU
		{098079ED-88CD-4D67-9F8F-A9CA43B8DDF6}.Debug|Any CPU.ActiveCfg = Debug|Any CPU
		{098079ED-88CD-4D67-9F8F-A9CA43B8DDF6}.Debug|Any CPU.Build.0 = Debug|Any CPU
		{098079ED-88CD-4D67-9F8F-A9CA43B8DDF6}.Debug|x64.ActiveCfg = Debug|Any CPU
		{098079ED-88CD-4D67-9F8F-A9CA43B8DDF6}.Debug|x64.Build.0 = Debug|Any CPU
		{098079ED-88CD-4D67-9F8F-A9CA43B8DDF6}.Debug|x86.ActiveCfg = Debug|Any CPU
		{098079ED-88CD-4D67-9F8F-A9CA43B8DDF6}.Debug|x86.Build.0 = Debug|Any CPU
		{098079ED-88CD-4D67-9F8F-A9CA43B8DDF6}.Release|Any CPU.ActiveCfg = Release|Any CPU
		{098079ED-88CD-4D67-9F8F-A9CA43B8DDF6}.Release|Any CPU.Build.0 = Release|Any CPU
		{098079ED-88CD-4D67-9F8F-A9CA43B8DDF6}.Release|x64.ActiveCfg = Release|Any CPU
		{098079ED-88CD-4D67-9F8F-A9CA43B8DDF6}.Release|x64.Build.0 = Release|Any CPU
		{098079ED-88CD-4D67-9F8F-A9CA43B8DDF6}.Release|x86.ActiveCfg = Release|Any CPU
		{098079ED-88CD-4D67-9F8F-A9CA43B8DDF6}.Release|x86.Build.0 = Release|Any CPU
		{29E3D7FB-C36C-4173-A83F-F5DF191C4313}.Debug|Any CPU.ActiveCfg = Debug|Any CPU
		{29E3D7FB-C36C-4173-A83F-F5DF191C4313}.Debug|Any CPU.Build.0 = Debug|Any CPU
		{29E3D7FB-C36C-4173-A83F-F5DF191C4313}.Debug|x64.ActiveCfg = Debug|Any CPU
		{29E3D7FB-C36C-4173-A83F-F5DF191C4313}.Debug|x64.Build.0 = Debug|Any CPU
		{29E3D7FB-C36C-4173-A83F-F5DF191C4313}.Debug|x86.ActiveCfg = Debug|Any CPU
		{29E3D7FB-C36C-4173-A83F-F5DF191C4313}.Debug|x86.Build.0 = Debug|Any CPU
		{29E3D7FB-C36C-4173-A83F-F5DF191C4313}.Release|Any CPU.ActiveCfg = Release|Any CPU
		{29E3D7FB-C36C-4173-A83F-F5DF191C4313}.Release|Any CPU.Build.0 = Release|Any CPU
		{29E3D7FB-C36C-4173-A83F-F5DF191C4313}.Release|x64.ActiveCfg = Release|Any CPU
		{29E3D7FB-C36C-4173-A83F-F5DF191C4313}.Release|x64.Build.0 = Release|Any CPU
		{29E3D7FB-C36C-4173-A83F-F5DF191C4313}.Release|x86.ActiveCfg = Release|Any CPU
		{29E3D7FB-C36C-4173-A83F-F5DF191C4313}.Release|x86.Build.0 = Release|Any CPU
		{2C7D4391-B0F5-4BF0-93BB-2EA78C99F8B5}.Debug|Any CPU.ActiveCfg = Debug|Any CPU
		{2C7D4391-B0F5-4BF0-93BB-2EA78C99F8B5}.Debug|Any CPU.Build.0 = Debug|Any CPU
		{2C7D4391-B0F5-4BF0-93BB-2EA78C99F8B5}.Debug|x64.ActiveCfg = Debug|Any CPU
		{2C7D4391-B0F5-4BF0-93BB-2EA78C99F8B5}.Debug|x64.Build.0 = Debug|Any CPU
		{2C7D4391-B0F5-4BF0-93BB-2EA78C99F8B5}.Debug|x86.ActiveCfg = Debug|Any CPU
		{2C7D4391-B0F5-4BF0-93BB-2EA78C99F8B5}.Debug|x86.Build.0 = Debug|Any CPU
		{2C7D4391-B0F5-4BF0-93BB-2EA78C99F8B5}.Release|Any CPU.ActiveCfg = Release|Any CPU
		{2C7D4391-B0F5-4BF0-93BB-2EA78C99F8B5}.Release|Any CPU.Build.0 = Release|Any CPU
		{2C7D4391-B0F5-4BF0-93BB-2EA78C99F8B5}.Release|x64.ActiveCfg = Release|Any CPU
		{2C7D4391-B0F5-4BF0-93BB-2EA78C99F8B5}.Release|x64.Build.0 = Release|Any CPU
		{2C7D4391-B0F5-4BF0-93BB-2EA78C99F8B5}.Release|x86.ActiveCfg = Release|Any CPU
		{2C7D4391-B0F5-4BF0-93BB-2EA78C99F8B5}.Release|x86.Build.0 = Release|Any CPU
		{484F2474-E97B-43DC-B84A-B990AC8DE2AE}.Debug|Any CPU.ActiveCfg = Debug|Any CPU
		{484F2474-E97B-43DC-B84A-B990AC8DE2AE}.Debug|Any CPU.Build.0 = Debug|Any CPU
		{484F2474-E97B-43DC-B84A-B990AC8DE2AE}.Debug|x64.ActiveCfg = Debug|Any CPU
		{484F2474-E97B-43DC-B84A-B990AC8DE2AE}.Debug|x64.Build.0 = Debug|Any CPU
		{484F2474-E97B-43DC-B84A-B990AC8DE2AE}.Debug|x86.ActiveCfg = Debug|Any CPU
		{484F2474-E97B-43DC-B84A-B990AC8DE2AE}.Debug|x86.Build.0 = Debug|Any CPU
		{484F2474-E97B-43DC-B84A-B990AC8DE2AE}.Release|Any CPU.ActiveCfg = Release|Any CPU
		{484F2474-E97B-43DC-B84A-B990AC8DE2AE}.Release|Any CPU.Build.0 = Release|Any CPU
		{484F2474-E97B-43DC-B84A-B990AC8DE2AE}.Release|x64.ActiveCfg = Release|Any CPU
		{484F2474-E97B-43DC-B84A-B990AC8DE2AE}.Release|x64.Build.0 = Release|Any CPU
		{484F2474-E97B-43DC-B84A-B990AC8DE2AE}.Release|x86.ActiveCfg = Release|Any CPU
		{484F2474-E97B-43DC-B84A-B990AC8DE2AE}.Release|x86.Build.0 = Release|Any CPU
		{0C800796-0F6C-442C-BC22-7D3E3F33602B}.Debug|Any CPU.ActiveCfg = Debug|Any CPU
		{0C800796-0F6C-442C-BC22-7D3E3F33602B}.Debug|Any CPU.Build.0 = Debug|Any CPU
		{0C800796-0F6C-442C-BC22-7D3E3F33602B}.Debug|x64.ActiveCfg = Debug|Any CPU
		{0C800796-0F6C-442C-BC22-7D3E3F33602B}.Debug|x64.Build.0 = Debug|Any CPU
		{0C800796-0F6C-442C-BC22-7D3E3F33602B}.Debug|x86.ActiveCfg = Debug|Any CPU
		{0C800796-0F6C-442C-BC22-7D3E3F33602B}.Debug|x86.Build.0 = Debug|Any CPU
		{0C800796-0F6C-442C-BC22-7D3E3F33602B}.Release|Any CPU.ActiveCfg = Release|Any CPU
		{0C800796-0F6C-442C-BC22-7D3E3F33602B}.Release|Any CPU.Build.0 = Release|Any CPU
		{0C800796-0F6C-442C-BC22-7D3E3F33602B}.Release|x64.ActiveCfg = Release|Any CPU
		{0C800796-0F6C-442C-BC22-7D3E3F33602B}.Release|x64.Build.0 = Release|Any CPU
		{0C800796-0F6C-442C-BC22-7D3E3F33602B}.Release|x86.ActiveCfg = Release|Any CPU
		{0C800796-0F6C-442C-BC22-7D3E3F33602B}.Release|x86.Build.0 = Release|Any CPU
		{85D417B0-1B70-4F5A-83C9-0AD6FAD7C236}.Debug|Any CPU.ActiveCfg = Debug|Any CPU
		{85D417B0-1B70-4F5A-83C9-0AD6FAD7C236}.Debug|Any CPU.Build.0 = Debug|Any CPU
		{85D417B0-1B70-4F5A-83C9-0AD6FAD7C236}.Debug|x64.ActiveCfg = Debug|Any CPU
		{85D417B0-1B70-4F5A-83C9-0AD6FAD7C236}.Debug|x64.Build.0 = Debug|Any CPU
		{85D417B0-1B70-4F5A-83C9-0AD6FAD7C236}.Debug|x86.ActiveCfg = Debug|Any CPU
		{85D417B0-1B70-4F5A-83C9-0AD6FAD7C236}.Debug|x86.Build.0 = Debug|Any CPU
		{85D417B0-1B70-4F5A-83C9-0AD6FAD7C236}.Release|Any CPU.ActiveCfg = Release|Any CPU
		{85D417B0-1B70-4F5A-83C9-0AD6FAD7C236}.Release|Any CPU.Build.0 = Release|Any CPU
		{85D417B0-1B70-4F5A-83C9-0AD6FAD7C236}.Release|x64.ActiveCfg = Release|Any CPU
		{85D417B0-1B70-4F5A-83C9-0AD6FAD7C236}.Release|x64.Build.0 = Release|Any CPU
		{85D417B0-1B70-4F5A-83C9-0AD6FAD7C236}.Release|x86.ActiveCfg = Release|Any CPU
		{85D417B0-1B70-4F5A-83C9-0AD6FAD7C236}.Release|x86.Build.0 = Release|Any CPU
		{CE398B43-0AE7-45D9-BDA9-925B7E73D68D}.Debug|Any CPU.ActiveCfg = Debug|Any CPU
		{CE398B43-0AE7-45D9-BDA9-925B7E73D68D}.Debug|Any CPU.Build.0 = Debug|Any CPU
		{CE398B43-0AE7-45D9-BDA9-925B7E73D68D}.Debug|x64.ActiveCfg = Debug|Any CPU
		{CE398B43-0AE7-45D9-BDA9-925B7E73D68D}.Debug|x64.Build.0 = Debug|Any CPU
		{CE398B43-0AE7-45D9-BDA9-925B7E73D68D}.Debug|x86.ActiveCfg = Debug|Any CPU
		{CE398B43-0AE7-45D9-BDA9-925B7E73D68D}.Debug|x86.Build.0 = Debug|Any CPU
		{CE398B43-0AE7-45D9-BDA9-925B7E73D68D}.Release|Any CPU.ActiveCfg = Release|Any CPU
		{CE398B43-0AE7-45D9-BDA9-925B7E73D68D}.Release|Any CPU.Build.0 = Release|Any CPU
		{CE398B43-0AE7-45D9-BDA9-925B7E73D68D}.Release|x64.ActiveCfg = Release|Any CPU
		{CE398B43-0AE7-45D9-BDA9-925B7E73D68D}.Release|x64.Build.0 = Release|Any CPU
		{CE398B43-0AE7-45D9-BDA9-925B7E73D68D}.Release|x86.ActiveCfg = Release|Any CPU
		{CE398B43-0AE7-45D9-BDA9-925B7E73D68D}.Release|x86.Build.0 = Release|Any CPU
		{CA0BC597-17FD-43FE-8236-9451D20A0A25}.Debug|Any CPU.ActiveCfg = Debug|Any CPU
		{CA0BC597-17FD-43FE-8236-9451D20A0A25}.Debug|Any CPU.Build.0 = Debug|Any CPU
		{CA0BC597-17FD-43FE-8236-9451D20A0A25}.Debug|x64.ActiveCfg = Debug|Any CPU
		{CA0BC597-17FD-43FE-8236-9451D20A0A25}.Debug|x64.Build.0 = Debug|Any CPU
		{CA0BC597-17FD-43FE-8236-9451D20A0A25}.Debug|x86.ActiveCfg = Debug|Any CPU
		{CA0BC597-17FD-43FE-8236-9451D20A0A25}.Debug|x86.Build.0 = Debug|Any CPU
		{CA0BC597-17FD-43FE-8236-9451D20A0A25}.Release|Any CPU.ActiveCfg = Release|Any CPU
		{CA0BC597-17FD-43FE-8236-9451D20A0A25}.Release|Any CPU.Build.0 = Release|Any CPU
		{CA0BC597-17FD-43FE-8236-9451D20A0A25}.Release|x64.ActiveCfg = Release|Any CPU
		{CA0BC597-17FD-43FE-8236-9451D20A0A25}.Release|x64.Build.0 = Release|Any CPU
		{CA0BC597-17FD-43FE-8236-9451D20A0A25}.Release|x86.ActiveCfg = Release|Any CPU
		{CA0BC597-17FD-43FE-8236-9451D20A0A25}.Release|x86.Build.0 = Release|Any CPU
		{95B6B8D2-6195-45E9-96D0-A6FD943FE142}.Debug|Any CPU.ActiveCfg = Debug|Any CPU
		{95B6B8D2-6195-45E9-96D0-A6FD943FE142}.Debug|Any CPU.Build.0 = Debug|Any CPU
		{95B6B8D2-6195-45E9-96D0-A6FD943FE142}.Debug|x64.ActiveCfg = Debug|Any CPU
		{95B6B8D2-6195-45E9-96D0-A6FD943FE142}.Debug|x64.Build.0 = Debug|Any CPU
		{95B6B8D2-6195-45E9-96D0-A6FD943FE142}.Debug|x86.ActiveCfg = Debug|Any CPU
		{95B6B8D2-6195-45E9-96D0-A6FD943FE142}.Debug|x86.Build.0 = Debug|Any CPU
		{95B6B8D2-6195-45E9-96D0-A6FD943FE142}.Release|Any CPU.ActiveCfg = Release|Any CPU
		{95B6B8D2-6195-45E9-96D0-A6FD943FE142}.Release|Any CPU.Build.0 = Release|Any CPU
		{95B6B8D2-6195-45E9-96D0-A6FD943FE142}.Release|x64.ActiveCfg = Release|Any CPU
		{95B6B8D2-6195-45E9-96D0-A6FD943FE142}.Release|x64.Build.0 = Release|Any CPU
		{95B6B8D2-6195-45E9-96D0-A6FD943FE142}.Release|x86.ActiveCfg = Release|Any CPU
		{95B6B8D2-6195-45E9-96D0-A6FD943FE142}.Release|x86.Build.0 = Release|Any CPU
		{CE5C23AD-811D-4DDD-A207-2BB54A32C3FC}.Debug|Any CPU.ActiveCfg = Debug|Any CPU
		{CE5C23AD-811D-4DDD-A207-2BB54A32C3FC}.Debug|Any CPU.Build.0 = Debug|Any CPU
		{CE5C23AD-811D-4DDD-A207-2BB54A32C3FC}.Debug|x64.ActiveCfg = Debug|Any CPU
		{CE5C23AD-811D-4DDD-A207-2BB54A32C3FC}.Debug|x64.Build.0 = Debug|Any CPU
		{CE5C23AD-811D-4DDD-A207-2BB54A32C3FC}.Debug|x86.ActiveCfg = Debug|Any CPU
		{CE5C23AD-811D-4DDD-A207-2BB54A32C3FC}.Debug|x86.Build.0 = Debug|Any CPU
		{CE5C23AD-811D-4DDD-A207-2BB54A32C3FC}.Release|Any CPU.ActiveCfg = Release|Any CPU
		{CE5C23AD-811D-4DDD-A207-2BB54A32C3FC}.Release|Any CPU.Build.0 = Release|Any CPU
		{CE5C23AD-811D-4DDD-A207-2BB54A32C3FC}.Release|x64.ActiveCfg = Release|Any CPU
		{CE5C23AD-811D-4DDD-A207-2BB54A32C3FC}.Release|x64.Build.0 = Release|Any CPU
		{CE5C23AD-811D-4DDD-A207-2BB54A32C3FC}.Release|x86.ActiveCfg = Release|Any CPU
		{CE5C23AD-811D-4DDD-A207-2BB54A32C3FC}.Release|x86.Build.0 = Release|Any CPU
		{051D4E2A-B920-4292-B914-5B15D8D93DC1}.Debug|Any CPU.ActiveCfg = Debug|Any CPU
		{051D4E2A-B920-4292-B914-5B15D8D93DC1}.Debug|Any CPU.Build.0 = Debug|Any CPU
		{051D4E2A-B920-4292-B914-5B15D8D93DC1}.Debug|x64.ActiveCfg = Debug|Any CPU
		{051D4E2A-B920-4292-B914-5B15D8D93DC1}.Debug|x64.Build.0 = Debug|Any CPU
		{051D4E2A-B920-4292-B914-5B15D8D93DC1}.Debug|x86.ActiveCfg = Debug|Any CPU
		{051D4E2A-B920-4292-B914-5B15D8D93DC1}.Debug|x86.Build.0 = Debug|Any CPU
		{051D4E2A-B920-4292-B914-5B15D8D93DC1}.Release|Any CPU.ActiveCfg = Release|Any CPU
		{051D4E2A-B920-4292-B914-5B15D8D93DC1}.Release|Any CPU.Build.0 = Release|Any CPU
		{051D4E2A-B920-4292-B914-5B15D8D93DC1}.Release|x64.ActiveCfg = Release|Any CPU
		{051D4E2A-B920-4292-B914-5B15D8D93DC1}.Release|x64.Build.0 = Release|Any CPU
		{051D4E2A-B920-4292-B914-5B15D8D93DC1}.Release|x86.ActiveCfg = Release|Any CPU
		{051D4E2A-B920-4292-B914-5B15D8D93DC1}.Release|x86.Build.0 = Release|Any CPU
		{C02D2D98-3936-43EC-8C3C-96F2EA5C2A2F}.Debug|Any CPU.ActiveCfg = Debug|Any CPU
		{C02D2D98-3936-43EC-8C3C-96F2EA5C2A2F}.Debug|Any CPU.Build.0 = Debug|Any CPU
		{C02D2D98-3936-43EC-8C3C-96F2EA5C2A2F}.Debug|x64.ActiveCfg = Debug|Any CPU
		{C02D2D98-3936-43EC-8C3C-96F2EA5C2A2F}.Debug|x64.Build.0 = Debug|Any CPU
		{C02D2D98-3936-43EC-8C3C-96F2EA5C2A2F}.Debug|x86.ActiveCfg = Debug|Any CPU
		{C02D2D98-3936-43EC-8C3C-96F2EA5C2A2F}.Debug|x86.Build.0 = Debug|Any CPU
		{C02D2D98-3936-43EC-8C3C-96F2EA5C2A2F}.Release|Any CPU.ActiveCfg = Release|Any CPU
		{C02D2D98-3936-43EC-8C3C-96F2EA5C2A2F}.Release|Any CPU.Build.0 = Release|Any CPU
		{C02D2D98-3936-43EC-8C3C-96F2EA5C2A2F}.Release|x64.ActiveCfg = Release|Any CPU
		{C02D2D98-3936-43EC-8C3C-96F2EA5C2A2F}.Release|x64.Build.0 = Release|Any CPU
		{C02D2D98-3936-43EC-8C3C-96F2EA5C2A2F}.Release|x86.ActiveCfg = Release|Any CPU
		{C02D2D98-3936-43EC-8C3C-96F2EA5C2A2F}.Release|x86.Build.0 = Release|Any CPU
		{7B130DB0-6F77-40F4-8A22-FC12E9ADFF38}.Debug|Any CPU.ActiveCfg = Debug|Any CPU
		{7B130DB0-6F77-40F4-8A22-FC12E9ADFF38}.Debug|Any CPU.Build.0 = Debug|Any CPU
		{7B130DB0-6F77-40F4-8A22-FC12E9ADFF38}.Debug|x64.ActiveCfg = Debug|Any CPU
		{7B130DB0-6F77-40F4-8A22-FC12E9ADFF38}.Debug|x64.Build.0 = Debug|Any CPU
		{7B130DB0-6F77-40F4-8A22-FC12E9ADFF38}.Debug|x86.ActiveCfg = Debug|Any CPU
		{7B130DB0-6F77-40F4-8A22-FC12E9ADFF38}.Debug|x86.Build.0 = Debug|Any CPU
		{7B130DB0-6F77-40F4-8A22-FC12E9ADFF38}.Release|Any CPU.ActiveCfg = Release|Any CPU
		{7B130DB0-6F77-40F4-8A22-FC12E9ADFF38}.Release|Any CPU.Build.0 = Release|Any CPU
		{7B130DB0-6F77-40F4-8A22-FC12E9ADFF38}.Release|x64.ActiveCfg = Release|Any CPU
		{7B130DB0-6F77-40F4-8A22-FC12E9ADFF38}.Release|x64.Build.0 = Release|Any CPU
		{7B130DB0-6F77-40F4-8A22-FC12E9ADFF38}.Release|x86.ActiveCfg = Release|Any CPU
		{7B130DB0-6F77-40F4-8A22-FC12E9ADFF38}.Release|x86.Build.0 = Release|Any CPU
		{52A7A4C8-9426-4D25-9AE3-AAA94A030D00}.Debug|Any CPU.ActiveCfg = Debug|Any CPU
		{52A7A4C8-9426-4D25-9AE3-AAA94A030D00}.Debug|Any CPU.Build.0 = Debug|Any CPU
		{52A7A4C8-9426-4D25-9AE3-AAA94A030D00}.Debug|x64.ActiveCfg = Debug|Any CPU
		{52A7A4C8-9426-4D25-9AE3-AAA94A030D00}.Debug|x64.Build.0 = Debug|Any CPU
		{52A7A4C8-9426-4D25-9AE3-AAA94A030D00}.Debug|x86.ActiveCfg = Debug|Any CPU
		{52A7A4C8-9426-4D25-9AE3-AAA94A030D00}.Debug|x86.Build.0 = Debug|Any CPU
		{52A7A4C8-9426-4D25-9AE3-AAA94A030D00}.Release|Any CPU.ActiveCfg = Release|Any CPU
		{52A7A4C8-9426-4D25-9AE3-AAA94A030D00}.Release|Any CPU.Build.0 = Release|Any CPU
		{52A7A4C8-9426-4D25-9AE3-AAA94A030D00}.Release|x64.ActiveCfg = Release|Any CPU
		{52A7A4C8-9426-4D25-9AE3-AAA94A030D00}.Release|x64.Build.0 = Release|Any CPU
		{52A7A4C8-9426-4D25-9AE3-AAA94A030D00}.Release|x86.ActiveCfg = Release|Any CPU
		{52A7A4C8-9426-4D25-9AE3-AAA94A030D00}.Release|x86.Build.0 = Release|Any CPU
		{758DF8DB-1944-4EF3-A080-180D23905DCE}.Debug|Any CPU.ActiveCfg = Debug|Any CPU
		{758DF8DB-1944-4EF3-A080-180D23905DCE}.Debug|Any CPU.Build.0 = Debug|Any CPU
		{758DF8DB-1944-4EF3-A080-180D23905DCE}.Debug|x64.ActiveCfg = Debug|Any CPU
		{758DF8DB-1944-4EF3-A080-180D23905DCE}.Debug|x64.Build.0 = Debug|Any CPU
		{758DF8DB-1944-4EF3-A080-180D23905DCE}.Debug|x86.ActiveCfg = Debug|Any CPU
		{758DF8DB-1944-4EF3-A080-180D23905DCE}.Debug|x86.Build.0 = Debug|Any CPU
		{758DF8DB-1944-4EF3-A080-180D23905DCE}.Release|Any CPU.ActiveCfg = Release|Any CPU
		{758DF8DB-1944-4EF3-A080-180D23905DCE}.Release|Any CPU.Build.0 = Release|Any CPU
		{758DF8DB-1944-4EF3-A080-180D23905DCE}.Release|x64.ActiveCfg = Release|Any CPU
		{758DF8DB-1944-4EF3-A080-180D23905DCE}.Release|x64.Build.0 = Release|Any CPU
		{758DF8DB-1944-4EF3-A080-180D23905DCE}.Release|x86.ActiveCfg = Release|Any CPU
		{758DF8DB-1944-4EF3-A080-180D23905DCE}.Release|x86.Build.0 = Release|Any CPU
		{BE916AE2-B09A-4B94-937A-F7981377F13D}.Debug|Any CPU.ActiveCfg = Debug|Any CPU
		{BE916AE2-B09A-4B94-937A-F7981377F13D}.Debug|Any CPU.Build.0 = Debug|Any CPU
		{BE916AE2-B09A-4B94-937A-F7981377F13D}.Debug|x64.ActiveCfg = Debug|Any CPU
		{BE916AE2-B09A-4B94-937A-F7981377F13D}.Debug|x64.Build.0 = Debug|Any CPU
		{BE916AE2-B09A-4B94-937A-F7981377F13D}.Debug|x86.ActiveCfg = Debug|Any CPU
		{BE916AE2-B09A-4B94-937A-F7981377F13D}.Debug|x86.Build.0 = Debug|Any CPU
		{BE916AE2-B09A-4B94-937A-F7981377F13D}.Release|Any CPU.ActiveCfg = Release|Any CPU
		{BE916AE2-B09A-4B94-937A-F7981377F13D}.Release|Any CPU.Build.0 = Release|Any CPU
		{BE916AE2-B09A-4B94-937A-F7981377F13D}.Release|x64.ActiveCfg = Release|Any CPU
		{BE916AE2-B09A-4B94-937A-F7981377F13D}.Release|x64.Build.0 = Release|Any CPU
		{BE916AE2-B09A-4B94-937A-F7981377F13D}.Release|x86.ActiveCfg = Release|Any CPU
		{BE916AE2-B09A-4B94-937A-F7981377F13D}.Release|x86.Build.0 = Release|Any CPU
	EndGlobalSection
	GlobalSection(SolutionProperties) = preSolution
		HideSolutionNode = FALSE
	EndGlobalSection
	GlobalSection(NestedProjects) = preSolution
		{D717163F-3C99-4669-9E80-99B9274AF221} = {827E0CD3-B72D-47B6-A68D-7590B98EB39B}
		{93F65179-74DB-4AC5-A8D0-51C929D81942} = {827E0CD3-B72D-47B6-A68D-7590B98EB39B}
		{098079ED-88CD-4D67-9F8F-A9CA43B8DDF6} = {827E0CD3-B72D-47B6-A68D-7590B98EB39B}
		{29E3D7FB-C36C-4173-A83F-F5DF191C4313} = {827E0CD3-B72D-47B6-A68D-7590B98EB39B}
		{2C7D4391-B0F5-4BF0-93BB-2EA78C99F8B5} = {827E0CD3-B72D-47B6-A68D-7590B98EB39B}
		{484F2474-E97B-43DC-B84A-B990AC8DE2AE} = {827E0CD3-B72D-47B6-A68D-7590B98EB39B}
		{0C800796-0F6C-442C-BC22-7D3E3F33602B} = {827E0CD3-B72D-47B6-A68D-7590B98EB39B}
		{85D417B0-1B70-4F5A-83C9-0AD6FAD7C236} = {827E0CD3-B72D-47B6-A68D-7590B98EB39B}
		{CE398B43-0AE7-45D9-BDA9-925B7E73D68D} = {827E0CD3-B72D-47B6-A68D-7590B98EB39B}
		{CA0BC597-17FD-43FE-8236-9451D20A0A25} = {827E0CD3-B72D-47B6-A68D-7590B98EB39B}
		{95B6B8D2-6195-45E9-96D0-A6FD943FE142} = {827E0CD3-B72D-47B6-A68D-7590B98EB39B}
		{CE5C23AD-811D-4DDD-A207-2BB54A32C3FC} = {827E0CD3-B72D-47B6-A68D-7590B98EB39B}
		{051D4E2A-B920-4292-B914-5B15D8D93DC1} = {827E0CD3-B72D-47B6-A68D-7590B98EB39B}
		{C02D2D98-3936-43EC-8C3C-96F2EA5C2A2F} = {0AB3BF05-4346-4AA6-1389-037BE0695223}
		{7B130DB0-6F77-40F4-8A22-FC12E9ADFF38} = {0AB3BF05-4346-4AA6-1389-037BE0695223}
		{52A7A4C8-9426-4D25-9AE3-AAA94A030D00} = {0AB3BF05-4346-4AA6-1389-037BE0695223}
		{758DF8DB-1944-4EF3-A080-180D23905DCE} = {0AB3BF05-4346-4AA6-1389-037BE0695223}
		{BE916AE2-B09A-4B94-937A-F7981377F13D} = {0AB3BF05-4346-4AA6-1389-037BE0695223}
	EndGlobalSection
EndGlobal
